
Microsoft Visual Studio Solution File, Format Version 12.00
# Visual Studio Version 16
VisualStudioVersion = 16.0.31410.357
MinimumVisualStudioVersion = 10.0.40219.1
Project("{FAE04EC0-301F-11D3-BF4B-00C04F79EFBC}") = "ConfigurationDemo", "ConfigurationDemo.csproj", "{044CD42C-9D79-4505-9CBB-8C804AD2A736}"
EndProject
Global
	GlobalSection(SolutionConfigurationPlatforms) = preSolution
		Debug|Any CPU = Debug|Any CPU
		Release|Any CPU = Release|Any CPU
	EndGlobalSection
	GlobalSection(ProjectConfigurationPlatforms) = postSolution
		{044CD42C-9D79-4505-9CBB-8C804AD2A736}.Debug|Any CPU.ActiveCfg = Debug|Any CPU
		{044CD42C-9D79-4505-9CBB-8C804AD2A736}.Debug|Any CPU.Build.0 = Debug|Any CPU
		{044CD42C-9D79-4505-9CBB-8C804AD2A736}.Release|Any CPU.ActiveCfg = Release|Any CPU
		{044CD42C-9D79-4505-9CBB-8C804AD2A736}.Release|Any CPU.Build.0 = Release|Any CPU
	EndGlobalSection
	GlobalSection(SolutionProperties) = preSolution
		HideSolutionNode = FALSE
	EndGlobalSection
	GlobalSection(ExtensibilityGlobals) = postSolution
		SolutionGuid = {DD1ADA3A-268D-4A5D-9AB8-865ED211F7D1}
	EndGlobalSection
EndGlobal
